<?xml version="1.0" encoding="utf-8"?>
<Project ToolsVersion="4.0" xmlns="http://schemas.microsoft.com/developer/msbuild/2003">
  <ItemGroup>
    <Filter Include="Source Files">
      <UniqueIdentifier>{4FC737F1-C7A5-4376-A066-2A32D752A2FF}</UniqueIdentifier>
      <Extensions>cpp;c;cc;cxx;c++;cppm;ixx;def;odl;idl;hpj;bat;asm;asmx</Extensions>
    </Filter>
    <Filter Include="Header Files">
      <UniqueIdentifier>{93995380-89BD-4b04-88EB-625FBE52EBFB}</UniqueIdentifier>
      <Extensions>h;hh;hpp;hxx;h++;hm;inl;inc;ipp;xsd</Extensions>
    </Filter>
    <Filter Include="Resource Files">
      <UniqueIdentifier>{67DA6AB6-F800-4c08-8B7A-83BB121AAD01}</UniqueIdentifier>
      <Extensions>rc;ico;cur;bmp;dlg;rc2;rct;bin;rgs;gif;jpg;jpeg;jpe;resx;tiff;tif;png;wav;mfcribbon-ms</Extensions>
    </Filter>
  </ItemGroup>
  <ItemGroup>
    <ClCompile Include="src\EzIO\Exception\Exception.cpp">
      <Filter>Source Files</Filter>
    </ClCompile>
    <ClCompile Include="src\EzIO\Exception\IO\IOException.cpp">
      <Filter>Source Files</Filter>
    </ClCompile>
    <ClCompile Include="src\EzIO\Exception\Value\ValueException.cpp">
      <Filter>Source Files</Filter>
    </ClCompile>
    <ClCompile Include="src\EzIO\Exception\Value\ConversionException.cpp">
      <Filter>Source Files</Filter>
    </ClCompile>
    <ClCompile Include="src\EzIO\IO\Deserializer\Json\JsonDeserializer.cpp">
      <Filter>Source Files</Filter>
    </ClCompile>
    <ClCompile Include="src\EzIO\IO\Serializer\Json\JsonSerializer.cpp">
      <Filter>Source Files</Filter>
    </ClCompile>
    <ClCompile Include="src\EzIO\IO\Deserializer\Json\Tokenizer\Tokenizer.cpp">
      <Filter>Source Files</Filter>
    </ClCompile>
    <ClCompile Include="src\EzIO\Value\Array\Array.cpp">
      <Filter>Source Files</Filter>
    </ClCompile>
    <ClCompile Include="src\EzIO\Value\Object\Object.cpp">
      <Filter>Source Files</Filter>
    </ClCompile>
    <ClCompile Include="src\EzIO\Value\Value.cpp">
      <Filter>Source Files</Filter>
    </ClCompile>
  </ItemGroup>
  <ItemGroup>
    <ClInclude Include="src\EzIO\Exception\IO\IOException.h">
      <Filter>Header Files</Filter>
    </ClInclude>
    <ClInclude Include="src\EzIO\Exception\Exception.h">
      <Filter>Header Files</Filter>
    </ClInclude>
    <ClInclude Include="src\EzIO\Exception\Value\ConversionException.h">
      <Filter>Header Files</Filter>
    </ClInclude>
    <ClInclude Include="src\EzIO\Exception\Value\ValueException.h">
      <Filter>Header Files</Filter>
    </ClInclude>
    <ClInclude Include="src\EzIO\IO\Deserializer\Deserializer.h">
      <Filter>Header Files</Filter>
    </ClInclude>
    <ClInclude Include="src\EzIO\IO\Deserializer\Json\JsonDeserializer.h">
      <Filter>Header Files</Filter>
    </ClInclude>
    <ClInclude Include="src\EzIO\IO\Serializer\Json\JsonSerializer.h">
      <Filter>Header Files</Filter>
    </ClInclude>
    <ClInclude Include="src\EzIO\IO\Serializer\Serializer.h">
      <Filter>Header Files</Filter>
    </ClInclude>
    <ClInclude Include="src\EzIO\IO\Deserializer\Json\Tokenizer\Token.h">
      <Filter>Header Files</Filter>
    </ClInclude>
    <ClInclude Include="src\EzIO\IO\Deserializer\Json\Tokenizer\Tokenizer.h">
      <Filter>Header Files</Filter>
    </ClInclude>
    <ClInclude Include="src\EzIO\IO\Deserializer\Json\Tokenizer\TokenType.h">
      <Filter>Header Files</Filter>
    </ClInclude>
    <ClInclude Include="src\EzIO\Value\Array\Array.h">
      <Filter>Header Files</Filter>
    </ClInclude>
    <ClInclude Include="src\EzIO\Value\Object\Object.h">
      <Filter>Header Files</Filter>
    </ClInclude>
    <ClInclude Include="src\EzIO\Value\Value.h">
      <Filter>Header Files</Filter>
    </ClInclude>
    <ClInclude Include="src\EzIO\IO\ConstantStrings\Json\JsonConstants.h">
      <Filter>Header Files</Filter>
    </ClInclude>
    <ClInclude Include="src\EzIO\EzIO.h">
      <Filter>Header Files</Filter>
    </ClInclude>
  </ItemGroup>
</Project>